// !$*UTF8*$!
{
	archiveVersion = 1;
	classes = {
	};
	objectVersion = 77;
	objects = {

/* Begin PBXBuildFile section */
		A10000000000000000000001 /* Couch5KApp.swift in Sources */ = {isa = PBXBuildFile; fileRef = A20000000000000000000001 /* Couch5KApp.swift */; };
		A10000000000000000000002 /* RootView.swift in Sources */ = {isa = PBXBuildFile; fileRef = A20000000000000000000002 /* RootView.swift */; };
		A10000000000000000000003 /* TrainingPlan.swift in Sources */ = {isa = PBXBuildFile; fileRef = A20000000000000000000003 /* TrainingPlan.swift */; };
		A10000000000000000000004 /* OnboardingView.swift in Sources */ = {isa = PBXBuildFile; fileRef = A20000000000000000000004 /* OnboardingView.swift */; };
		A10000000000000000000005 /* ProgramOverviewView.swift in Sources */ = {isa = PBXBuildFile; fileRef = A20000000000000000000005 /* ProgramOverviewView.swift */; };
		A10000000000000000000006 /* TrainingPlanTests.swift in Sources */ = {isa = PBXBuildFile; fileRef = A20000000000000000000006 /* TrainingPlanTests.swift */; };
		A10000000000000000000007 /* WorkoutEngine.swift in Sources */ = {isa = PBXBuildFile; fileRef = A20000000000000000000009 /* WorkoutEngine.swift */; };
		A10000000000000000000008 /* WorkoutCueService.swift in Sources */ = {isa = PBXBuildFile; fileRef = A2000000000000000000000A /* WorkoutCueService.swift */; };
		A10000000000000000000009 /* WorkoutPlayerView.swift in Sources */ = {isa = PBXBuildFile; fileRef = A2000000000000000000000B /* WorkoutPlayerView.swift */; };
		A1000000000000000000000A /* WorkoutEngineTests.swift in Sources */ = {isa = PBXBuildFile; fileRef = A2000000000000000000000C /* WorkoutEngineTests.swift */; };
		A1000000000000000000000B /* WorkoutRecord.swift in Sources */ = {isa = PBXBuildFile; fileRef = A2000000000000000000000D /* WorkoutRecord.swift */; };
		A1000000000000000000000C /* ActiveWorkoutStore.swift in Sources */ = {isa = PBXBuildFile; fileRef = A2000000000000000000000E /* ActiveWorkoutStore.swift */; };
		A1000000000000000000000D /* HistoryView.swift in Sources */ = {isa = PBXBuildFile; fileRef = A2000000000000000000000F /* HistoryView.swift */; };
		A1000000000000000000000E /* ProgressTests.swift in Sources */ = {isa = PBXBuildFile; fileRef = A20000000000000000000010 /* ProgressTests.swift */; };
		A1000000000000000000000F /* WorkoutLocationService.swift in Sources */ = {isa = PBXBuildFile; fileRef = A20000000000000000000011 /* WorkoutLocationService.swift */; };
		A10000000000000000000010 /* HealthKitService.swift in Sources */ = {isa = PBXBuildFile; fileRef = A20000000000000000000012 /* HealthKitService.swift */; };
		A10000000000000000000011 /* WorkoutReminderScheduler.swift in Sources */ = {isa = PBXBuildFile; fileRef = A20000000000000000000014 /* WorkoutReminderScheduler.swift */; };
		A10000000000000000000012 /* CustomWorkout.swift in Sources */ = {isa = PBXBuildFile; fileRef = A20000000000000000000015 /* CustomWorkout.swift */; };
		A10000000000000000000013 /* CustomWorkoutsView.swift in Sources */ = {isa = PBXBuildFile; fileRef = A20000000000000000000016 /* CustomWorkoutsView.swift */; };
		A10000000000000000000014 /* Couch5KWatchApp.swift in Sources */ = {isa = PBXBuildFile; fileRef = A20000000000000000000017 /* Couch5KWatchApp.swift */; };
		A10000000000000000000015 /* WatchRootView.swift in Sources */ = {isa = PBXBuildFile; fileRef = A20000000000000000000018 /* WatchRootView.swift */; };
		A10000000000000000000016 /* WatchWorkoutView.swift in Sources */ = {isa = PBXBuildFile; fileRef = A20000000000000000000019 /* WatchWorkoutView.swift */; };
		A10000000000000000000017 /* WatchWorkoutManager.swift in Sources */ = {isa = PBXBuildFile; fileRef = A2000000000000000000001A /* WatchWorkoutManager.swift */; };
		A10000000000000000000018 /* TrainingPlan.swift in Sources */ = {isa = PBXBuildFile; fileRef = A20000000000000000000003 /* TrainingPlan.swift */; };
		A10000000000000000000019 /* Couch5K Watch App.app in Embed Watch Content */ = {isa = PBXBuildFile; fileRef = A2000000000000000000001C /* Couch5K Watch App.app */; settings = {ATTRIBUTES = (RemoveHeadersOnCopy, ); }; };
		A1000000000000000000001A /* Assets.xcassets in Resources */ = {isa = PBXBuildFile; fileRef = A2000000000000000000001E /* Assets.xcassets */; };
		A1000000000000000000001B /* Assets.xcassets in Resources */ = {isa = PBXBuildFile; fileRef = A2000000000000000000001F /* Assets.xcassets */; };
		A1000000000000000000001C /* AppLocalization.swift in Sources */ = {isa = PBXBuildFile; fileRef = A20000000000000000000020 /* AppLocalization.swift */; };
		A1000000000000000000001D /* AppLocalization.swift in Sources */ = {isa = PBXBuildFile; fileRef = A20000000000000000000020 /* AppLocalization.swift */; };
		A1000000000000000000001E /* InfoPlist.strings in Resources */ = {isa = PBXBuildFile; fileRef = A70000000000000000000009 /* InfoPlist.strings */; };
		A1000000000000000000001F /* AboutMeView.swift in Sources */ = {isa = PBXBuildFile; fileRef = A20000000000000000000023 /* AboutMeView.swift */; };
		A10000000000000000000020 /* AppTheme.swift in Sources */ = {isa = PBXBuildFile; fileRef = A20000000000000000000024 /* AppTheme.swift */; };
		A10000000000000000000021 /* HealthKitService.swift in Sources */ = {isa = PBXBuildFile; fileRef = A20000000000000000000012 /* HealthKitService.swift */; };
/* End PBXBuildFile section */

/* Begin PBXContainerItemProxy section */
		A30000000000000000000001 /* PBXContainerItemProxy */ = {
			isa = PBXContainerItemProxy;
			containerPortal = A40000000000000000000001 /* Project object */;
			proxyType = 1;
			remoteGlobalIDString = A50000000000000000000001;
			remoteInfo = Couch5K;
		};
		A30000000000000000000003 /* PBXContainerItemProxy */ = {
			isa = PBXContainerItemProxy;
			containerPortal = A40000000000000000000001 /* Project object */;
			proxyType = 1;
			remoteGlobalIDString = A50000000000000000000003;
			remoteInfo = "Couch5K Watch App";
		};
/* End PBXContainerItemProxy section */

/* Begin PBXCopyFilesBuildPhase section */
		A60000000000000000000004 /* Embed Watch Content */ = {
			isa = PBXCopyFilesBuildPhase;
			buildActionMask = 2147483647;
			dstPath = "$(CONTENTS_FOLDER_PATH)/Watch";
			dstSubfolderSpec = 16;
			files = (
				A10000000000000000000019 /* Couch5K Watch App.app in Embed Watch Content */,
			);
			name = "Embed Watch Content";
			runOnlyForDeploymentPostprocessing = 0;
		};
/* End PBXCopyFilesBuildPhase section */

/* Begin PBXFileReference section */
		A20000000000000000000001 /* Couch5KApp.swift */ = {isa = PBXFileReference; lastKnownFileType = sourcecode.swift; path = Couch5KApp.swift; sourceTree = "<group>"; };
		A20000000000000000000002 /* RootView.swift */ = {isa = PBXFileReference; lastKnownFileType = sourcecode.swift; path = RootView.swift; sourceTree = "<group>"; };
		A20000000000000000000003 /* TrainingPlan.swift */ = {isa = PBXFileReference; lastKnownFileType = sourcecode.swift; path = TrainingPlan.swift; sourceTree = "<group>"; };
		A20000000000000000000004 /* OnboardingView.swift */ = {isa = PBXFileReference; lastKnownFileType = sourcecode.swift; path = OnboardingView.swift; sourceTree = "<group>"; };
		A20000000000000000000005 /* ProgramOverviewView.swift */ = {isa = PBXFileReference; lastKnownFileType = sourcecode.swift; path = ProgramOverviewView.swift; sourceTree = "<group>"; };
		A20000000000000000000006 /* TrainingPlanTests.swift */ = {isa = PBXFileReference; lastKnownFileType = sourcecode.swift; path = TrainingPlanTests.swift; sourceTree = "<group>"; };
		A20000000000000000000007 /* Couch5K.app */ = {isa = PBXFileReference; explicitFileType = wrapper.application; includeInIndex = 0; path = Couch5K.app; sourceTree = BUILT_PRODUCTS_DIR; };
		A20000000000000000000008 /* Couch5KTests.xctest */ = {isa = PBXFileReference; explicitFileType = wrapper.cfbundle; includeInIndex = 0; path = Couch5KTests.xctest; sourceTree = BUILT_PRODUCTS_DIR; };
		A20000000000000000000009 /* WorkoutEngine.swift */ = {isa = PBXFileReference; lastKnownFileType = sourcecode.swift; path = WorkoutEngine.swift; sourceTree = "<group>"; };
		A2000000000000000000000A /* WorkoutCueService.swift */ = {isa = PBXFileReference; lastKnownFileType = sourcecode.swift; path = WorkoutCueService.swift; sourceTree = "<group>"; };
		A2000000000000000000000B /* WorkoutPlayerView.swift */ = {isa = PBXFileReference; lastKnownFileType = sourcecode.swift; path = WorkoutPlayerView.swift; sourceTree = "<group>"; };
		A2000000000000000000000C /* WorkoutEngineTests.swift */ = {isa = PBXFileReference; lastKnownFileType = sourcecode.swift; path = WorkoutEngineTests.swift; sourceTree = "<group>"; };
		A2000000000000000000000D /* WorkoutRecord.swift */ = {isa = PBXFileReference; lastKnownFileType = sourcecode.swift; path = WorkoutRecord.swift; sourceTree = "<group>"; };
		A2000000000000000000000E /* ActiveWorkoutStore.swift */ = {isa = PBXFileReference; lastKnownFileType = sourcecode.swift; path = ActiveWorkoutStore.swift; sourceTree = "<group>"; };
		A2000000000000000000000F /* HistoryView.swift */ = {isa = PBXFileReference; lastKnownFileType = sourcecode.swift; path = HistoryView.swift; sourceTree = "<group>"; };
		A20000000000000000000010 /* ProgressTests.swift */ = {isa = PBXFileReference; lastKnownFileType = sourcecode.swift; path = ProgressTests.swift; sourceTree = "<group>"; };
		A20000000000000000000011 /* WorkoutLocationService.swift */ = {isa = PBXFileReference; lastKnownFileType = sourcecode.swift; path = WorkoutLocationService.swift; sourceTree = "<group>"; };
		A20000000000000000000012 /* HealthKitService.swift */ = {isa = PBXFileReference; lastKnownFileType = sourcecode.swift; path = HealthKitService.swift; sourceTree = "<group>"; };
		A20000000000000000000013 /* Couch5K.entitlements */ = {isa = PBXFileReference; lastKnownFileType = text.plist.entitlements; path = Couch5K.entitlements; sourceTree = "<group>"; };
		A20000000000000000000014 /* WorkoutReminderScheduler.swift */ = {isa = PBXFileReference; lastKnownFileType = sourcecode.swift; path = WorkoutReminderScheduler.swift; sourceTree = "<group>"; };
		A20000000000000000000015 /* CustomWorkout.swift */ = {isa = PBXFileReference; lastKnownFileType = sourcecode.swift; path = CustomWorkout.swift; sourceTree = "<group>"; };
		A20000000000000000000016 /* CustomWorkoutsView.swift */ = {isa = PBXFileReference; lastKnownFileType = sourcecode.swift; path = CustomWorkoutsView.swift; sourceTree = "<group>"; };
		A20000000000000000000017 /* Couch5KWatchApp.swift */ = {isa = PBXFileReference; lastKnownFileType = sourcecode.swift; path = Couch5KWatchApp.swift; sourceTree = "<group>"; };
		A20000000000000000000018 /* WatchRootView.swift */ = {isa = PBXFileReference; lastKnownFileType = sourcecode.swift; path = WatchRootView.swift; sourceTree = "<group>"; };
		A20000000000000000000019 /* WatchWorkoutView.swift */ = {isa = PBXFileReference; lastKnownFileType = sourcecode.swift; path = WatchWorkoutView.swift; sourceTree = "<group>"; };
		A2000000000000000000001A /* WatchWorkoutManager.swift */ = {isa = PBXFileReference; lastKnownFileType = sourcecode.swift; path = WatchWorkoutManager.swift; sourceTree = "<group>"; };
		A2000000000000000000001B /* Couch5KWatch.entitlements */ = {isa = PBXFileReference; lastKnownFileType = text.plist.entitlements; path = Couch5KWatch.entitlements; sourceTree = "<group>"; };
		A2000000000000000000001C /* Couch5K Watch App.app */ = {isa = PBXFileReference; explicitFileType = wrapper.application; includeInIndex = 0; path = "Couch5K Watch App.app"; sourceTree = BUILT_PRODUCTS_DIR; };
		A2000000000000000000001D /* Info.plist */ = {isa = PBXFileReference; lastKnownFileType = text.plist.xml; path = Info.plist; sourceTree = "<group>"; };
		A2000000000000000000001E /* Assets.xcassets */ = {isa = PBXFileReference; lastKnownFileType = folder.assetcatalog; path = Assets.xcassets; sourceTree = "<group>"; };
		A2000000000000000000001F /* Assets.xcassets */ = {isa = PBXFileReference; lastKnownFileType = folder.assetcatalog; path = Assets.xcassets; sourceTree = "<group>"; };
		A20000000000000000000020 /* AppLocalization.swift */ = {isa = PBXFileReference; lastKnownFileType = sourcecode.swift; path = AppLocalization.swift; sourceTree = "<group>"; };
		A20000000000000000000021 /* InfoPlist.strings */ = {isa = PBXFileReference; lastKnownFileType = text.plist.strings; name = InfoPlist.strings; path = en.lproj/InfoPlist.strings; sourceTree = "<group>"; };
		A20000000000000000000022 /* InfoPlist.strings */ = {isa = PBXFileReference; lastKnownFileType = text.plist.strings; name = InfoPlist.strings; path = "zh-Hans.lproj/InfoPlist.strings"; sourceTree = "<group>"; };
		A20000000000000000000023 /* AboutMeView.swift */ = {isa = PBXFileReference; lastKnownFileType = sourcecode.swift; path = AboutMeView.swift; sourceTree = "<group>"; };
		A20000000000000000000024 /* AppTheme.swift */ = {isa = PBXFileReference; lastKnownFileType = sourcecode.swift; path = AppTheme.swift; sourceTree = "<group>"; };
/* End PBXFileReference section */

/* Begin PBXFrameworksBuildPhase section */
		A60000000000000000000001 /* Frameworks */ = {
			isa = PBXFrameworksBuildPhase;
			buildActionMask = 2147483647;
			files = (
			);
			runOnlyForDeploymentPostprocessing = 0;
		};
		A60000000000000000000002 /* Frameworks */ = {
			isa = PBXFrameworksBuildPhase;
			buildActionMask = 2147483647;
			files = (
			);
			runOnlyForDeploymentPostprocessing = 0;
		};
		A60000000000000000000003 /* Frameworks */ = {
			isa = PBXFrameworksBuildPhase;
			buildActionMask = 2147483647;
			files = (
			);
			runOnlyForDeploymentPostprocessing = 0;
		};
/* End PBXFrameworksBuildPhase section */

/* Begin PBXGroup section */
		A70000000000000000000001 = {
			isa = PBXGroup;
			children = (
				A70000000000000000000002 /* Couch5K */,
				A70000000000000000000003 /* Couch5KTests */,
				A70000000000000000000008 /* Couch5KWatch */,
				A70000000000000000000004 /* Products */,
			);
			sourceTree = "<group>";
		};
		A70000000000000000000002 /* Couch5K */ = {
			isa = PBXGroup;
			children = (
				A20000000000000000000001 /* Couch5KApp.swift */,
				A20000000000000000000002 /* RootView.swift */,
				A20000000000000000000020 /* AppLocalization.swift */,
				A20000000000000000000024 /* AppTheme.swift */,
				A20000000000000000000013 /* Couch5K.entitlements */,
				A2000000000000000000001D /* Info.plist */,
				A70000000000000000000009 /* InfoPlist.strings */,
				A2000000000000000000001E /* Assets.xcassets */,
				A70000000000000000000005 /* Models */,
				A70000000000000000000007 /* Services */,
				A70000000000000000000006 /* Views */,
			);
			path = Couch5K;
			sourceTree = "<group>";
		};
		A70000000000000000000003 /* Couch5KTests */ = {
			isa = PBXGroup;
			children = (
				A20000000000000000000006 /* TrainingPlanTests.swift */,
				A2000000000000000000000C /* WorkoutEngineTests.swift */,
				A20000000000000000000010 /* ProgressTests.swift */,
			);
			path = Couch5KTests;
			sourceTree = "<group>";
		};
		A70000000000000000000004 /* Products */ = {
			isa = PBXGroup;
			children = (
				A20000000000000000000007 /* Couch5K.app */,
				A20000000000000000000008 /* Couch5KTests.xctest */,
				A2000000000000000000001C /* Couch5K Watch App.app */,
			);
			name = Products;
			sourceTree = "<group>";
		};
		A70000000000000000000005 /* Models */ = {
			isa = PBXGroup;
			children = (
				A20000000000000000000003 /* TrainingPlan.swift */,
				A2000000000000000000000D /* WorkoutRecord.swift */,
				A20000000000000000000015 /* CustomWorkout.swift */,
			);
			path = Models;
			sourceTree = "<group>";
		};
		A70000000000000000000006 /* Views */ = {
			isa = PBXGroup;
			children = (
				A20000000000000000000004 /* OnboardingView.swift */,
				A20000000000000000000005 /* ProgramOverviewView.swift */,
				A2000000000000000000000B /* WorkoutPlayerView.swift */,
				A2000000000000000000000F /* HistoryView.swift */,
				A20000000000000000000016 /* CustomWorkoutsView.swift */,
				A20000000000000000000023 /* AboutMeView.swift */,
			);
			path = Views;
			sourceTree = "<group>";
		};
		A70000000000000000000007 /* Services */ = {
			isa = PBXGroup;
			children = (
				A20000000000000000000009 /* WorkoutEngine.swift */,
				A2000000000000000000000A /* WorkoutCueService.swift */,
				A2000000000000000000000E /* ActiveWorkoutStore.swift */,
				A20000000000000000000011 /* WorkoutLocationService.swift */,
				A20000000000000000000012 /* HealthKitService.swift */,
				A20000000000000000000014 /* WorkoutReminderScheduler.swift */,
			);
			path = Services;
			sourceTree = "<group>";
		};
		A70000000000000000000008 /* Couch5KWatch */ = {
			isa = PBXGroup;
			children = (
				A20000000000000000000017 /* Couch5KWatchApp.swift */,
				A20000000000000000000018 /* WatchRootView.swift */,
				A20000000000000000000019 /* WatchWorkoutView.swift */,
				A2000000000000000000001A /* WatchWorkoutManager.swift */,
				A2000000000000000000001B /* Couch5KWatch.entitlements */,
				A2000000000000000000001F /* Assets.xcassets */,
			);
			path = Couch5KWatch;
			sourceTree = "<group>";
		};
/* End PBXGroup section */

/* Begin PBXNativeTarget section */
		A50000000000000000000001 /* Couch5K */ = {
			isa = PBXNativeTarget;
			buildConfigurationList = A80000000000000000000001 /* Build configuration list for PBXNativeTarget "Couch5K" */;
			buildPhases = (
				A90000000000000000000001 /* Sources */,
				A60000000000000000000001 /* Frameworks */,
				AA0000000000000000000001 /* Resources */,
				A60000000000000000000004 /* Embed Watch Content */,
			);
			buildRules = (
			);
			dependencies = (
				A30000000000000000000004 /* PBXTargetDependency */,
			);
			name = Couch5K;
			productName = Couch5K;
			productReference = A20000000000000000000007 /* Couch5K.app */;
			productType = "com.apple.product-type.application";
		};
		A50000000000000000000002 /* Couch5KTests */ = {
			isa = PBXNativeTarget;
			buildConfigurationList = A80000000000000000000002 /* Build configuration list for PBXNativeTarget "Couch5KTests" */;
			buildPhases = (
				A90000000000000000000002 /* Sources */,
				A60000000000000000000002 /* Frameworks */,
				AA0000000000000000000002 /* Resources */,
			);
			buildRules = (
			);
			dependencies = (
				A30000000000000000000002 /* PBXTargetDependency */,
			);
			name = Couch5KTests;
			productName = Couch5KTests;
			productReference = A20000000000000000000008 /* Couch5KTests.xctest */;
			productType = "com.apple.product-type.bundle.unit-test";
		};
		A50000000000000000000003 /* Couch5K Watch App */ = {
			isa = PBXNativeTarget;
			buildConfigurationList = A80000000000000000000004 /* Build configuration list for PBXNativeTarget "Couch5K Watch App" */;
			buildPhases = (
				A90000000000000000000003 /* Sources */,
				A60000000000000000000003 /* Frameworks */,
				AA0000000000000000000003 /* Resources */,
			);
			buildRules = (
			);
			dependencies = (
			);
			name = "Couch5K Watch App";
			productName = "Couch5K Watch App";
			productReference = A2000000000000000000001C /* Couch5K Watch App.app */;
			productType = "com.apple.product-type.application";
		};
/* End PBXNativeTarget section */

/* Begin PBXProject section */
		A40000000000000000000001 /* Project object */ = {
			isa = PBXProject;
			attributes = {
				BuildIndependentTargetsInParallel = 1;
				LastSwiftUpdateCheck = 2660;
				LastUpgradeCheck = 2660;
				TargetAttributes = {
					A50000000000000000000001 = {
						CreatedOnToolsVersion = 26.6;
					};
					A50000000000000000000002 = {
						CreatedOnToolsVersion = 26.6;
						TestTargetID = A50000000000000000000001;
					};
					A50000000000000000000003 = {
						CreatedOnToolsVersion = 26.6;
					};
				};
			};
			buildConfigurationList = A80000000000000000000003 /* Build configuration list for PBXProject "Couch5K" */;
			developmentRegion = en;
			hasScannedForEncodings = 0;
			knownRegions = (
				en,
				Base,
				"zh-Hans",
			);
			mainGroup = A70000000000000000000001;
			minimizedProjectReferenceProxies = 1;
			preferredProjectObjectVersion = 77;
			productRefGroup = A70000000000000000000004 /* Products */;
			projectDirPath = "";
			projectRoot = "";
			targets = (
				A50000000000000000000001 /* Couch5K */,
				A50000000000000000000002 /* Couch5KTests */,
				A50000000000000000000003 /* Couch5K Watch App */,
			);
		};
/* End PBXProject section */

/* Begin PBXResourcesBuildPhase section */
		AA0000000000000000000001 /* Resources */ = {
			isa = PBXResourcesBuildPhase;
			buildActionMask = 2147483647;
			files = (
				A1000000000000000000001A /* Assets.xcassets in Resources */,
				A1000000000000000000001E /* InfoPlist.strings in Resources */,
			);
			runOnlyForDeploymentPostprocessing = 0;
		};
		AA0000000000000000000002 /* Resources */ = {
			isa = PBXResourcesBuildPhase;
			buildActionMask = 2147483647;
			files = (
			);
			runOnlyForDeploymentPostprocessing = 0;
		};
		AA0000000000000000000003 /* Resources */ = {
			isa = PBXResourcesBuildPhase;
			buildActionMask = 2147483647;
			files = (
				A1000000000000000000001B /* Assets.xcassets in Resources */,
			);
			runOnlyForDeploymentPostprocessing = 0;
		};
/* End PBXResourcesBuildPhase section */

/* Begin PBXSourcesBuildPhase section */
		A90000000000000000000001 /* Sources */ = {
			isa = PBXSourcesBuildPhase;
			buildActionMask = 2147483647;
			files = (
				A10000000000000000000001 /* Couch5KApp.swift in Sources */,
				A10000000000000000000002 /* RootView.swift in Sources */,
				A10000000000000000000003 /* TrainingPlan.swift in Sources */,
				A10000000000000000000004 /* OnboardingView.swift in Sources */,
				A10000000000000000000005 /* ProgramOverviewView.swift in Sources */,
				A10000000000000000000007 /* WorkoutEngine.swift in Sources */,
				A10000000000000000000008 /* WorkoutCueService.swift in Sources */,
				A10000000000000000000009 /* WorkoutPlayerView.swift in Sources */,
				A1000000000000000000000B /* WorkoutRecord.swift in Sources */,
				A1000000000000000000000C /* ActiveWorkoutStore.swift in Sources */,
				A1000000000000000000000D /* HistoryView.swift in Sources */,
				A1000000000000000000000F /* WorkoutLocationService.swift in Sources */,
				A10000000000000000000010 /* HealthKitService.swift in Sources */,
				A10000000000000000000011 /* WorkoutReminderScheduler.swift in Sources */,
				A10000000000000000000012 /* CustomWorkout.swift in Sources */,
				A10000000000000000000013 /* CustomWorkoutsView.swift in Sources */,
				A1000000000000000000001C /* AppLocalization.swift in Sources */,
				A1000000000000000000001F /* AboutMeView.swift in Sources */,
				A10000000000000000000020 /* AppTheme.swift in Sources */,
			);
			runOnlyForDeploymentPostprocessing = 0;
		};
		A90000000000000000000002 /* Sources */ = {
			isa = PBXSourcesBuildPhase;
			buildActionMask = 2147483647;
			files = (
				A10000000000000000000006 /* TrainingPlanTests.swift in Sources */,
				A1000000000000000000000A /* WorkoutEngineTests.swift in Sources */,
				A1000000000000000000000E /* ProgressTests.swift in Sources */,
			);
			runOnlyForDeploymentPostprocessing = 0;
		};
		A90000000000000000000003 /* Sources */ = {
			isa = PBXSourcesBuildPhase;
			buildActionMask = 2147483647;
			files = (
				A10000000000000000000014 /* Couch5KWatchApp.swift in Sources */,
				A10000000000000000000015 /* WatchRootView.swift in Sources */,
				A10000000000000000000016 /* WatchWorkoutView.swift in Sources */,
				A10000000000000000000017 /* WatchWorkoutManager.swift in Sources */,
				A10000000000000000000018 /* TrainingPlan.swift in Sources */,
				A1000000000000000000001D /* AppLocalization.swift in Sources */,
				A10000000000000000000021 /* HealthKitService.swift in Sources */,
			);
			runOnlyForDeploymentPostprocessing = 0;
		};
/* End PBXSourcesBuildPhase section */

/* Begin PBXTargetDependency section */
		A30000000000000000000002 /* PBXTargetDependency */ = {
			isa = PBXTargetDependency;
			target = A50000000000000000000001 /* Couch5K */;
			targetProxy = A30000000000000000000001 /* PBXContainerItemProxy */;
		};
		A30000000000000000000004 /* PBXTargetDependency */ = {
			isa = PBXTargetDependency;
			target = A50000000000000000000003 /* Couch5K Watch App */;
			targetProxy = A30000000000000000000003 /* PBXContainerItemProxy */;
		};
/* End PBXTargetDependency section */

/* Begin PBXVariantGroup section */
		A70000000000000000000009 /* InfoPlist.strings */ = {
			isa = PBXVariantGroup;
			children = (
				A20000000000000000000021 /* InfoPlist.strings */,
				A20000000000000000000022 /* InfoPlist.strings */,
			);
			name = InfoPlist.strings;
			sourceTree = "<group>";
		};
/* End PBXVariantGroup section */

/* Begin XCBuildConfiguration section */
		AB0000000000000000000001 /* Debug */ = {
			isa = XCBuildConfiguration;
			buildSettings = {
				ALWAYS_SEARCH_USER_PATHS = NO;
				ASSETCATALOG_COMPILER_GENERATE_SWIFT_ASSET_SYMBOL_EXTENSIONS = YES;
				CLANG_ANALYZER_NONNULL = YES;
				CLANG_ANALYZER_NUMBER_OBJECT_CONVERSION = YES_AGGRESSIVE;
				CLANG_CXX_LANGUAGE_STANDARD = "gnu++20";
				CLANG_ENABLE_MODULES = YES;
				CLANG_ENABLE_OBJC_ARC = YES;
				CLANG_ENABLE_OBJC_WEAK = YES;
				CLANG_WARN_BLOCK_CAPTURE_AUTORELEASING = YES;
				CLANG_WARN_BOOL_CONVERSION = YES;
				CLANG_WARN_COMMA = YES;
				CLANG_WARN_CONSTANT_CONVERSION = YES;
				CLANG_WARN_DEPRECATED_OBJC_IMPLEMENTATIONS = YES;
				CLANG_WARN_DIRECT_OBJC_ISA_USAGE = YES_ERROR;
				CLANG_WARN_DOCUMENTATION_COMMENTS = YES;
				CLANG_WARN_EMPTY_BODY = YES;
				CLANG_WARN_ENUM_CONVERSION = YES;
				CLANG_WARN_INFINITE_RECURSION = YES;
				CLANG_WARN_INT_CONVERSION = YES;
				CLANG_WARN_NON_LITERAL_NULL_CONVERSION = YES;
				CLANG_WARN_OBJC_IMPLICIT_RETAIN_SELF = YES;
				CLANG_WARN_OBJC_LITERAL_CONVERSION = YES;
				CLANG_WARN_OBJC_ROOT_CLASS = YES_ERROR;
				CLANG_WARN_QUOTED_INCLUDE_IN_FRAMEWORK_HEADER = YES;
				CLANG_WARN_RANGE_LOOP_ANALYSIS = YES;
				CLANG_WARN_STRICT_PROTOTYPES = YES;
				CLANG_WARN_SUSPICIOUS_MOVE = YES;
				CLANG_WARN_UNGUARDED_AVAILABILITY = YES_AGGRESSIVE;
				CLANG_WARN_UNREACHABLE_CODE = YES;
				CLANG_WARN__DUPLICATE_METHOD_MATCH = YES;
				COPY_PHASE_STRIP = NO;
				DEBUG_INFORMATION_FORMAT = dwarf;
				DEVELOPMENT_TEAM = "";
				ENABLE_STRICT_OBJC_MSGSEND = YES;
				ENABLE_TESTABILITY = YES;
				ENABLE_USER_SCRIPT_SANDBOXING = YES;
				GCC_C_LANGUAGE_STANDARD = gnu17;
				GCC_DYNAMIC_NO_PIC = NO;
				GCC_NO_COMMON_BLOCKS = YES;
				GCC_OPTIMIZATION_LEVEL = 0;
				GCC_PREPROCESSOR_DEFINITIONS = (
					"DEBUG=1",
					"$(inherited)",
				);
				GCC_WARN_64_TO_32_BIT_CONVERSION = YES;
				GCC_WARN_ABOUT_RETURN_TYPE = YES_ERROR;
				GCC_WARN_UNDECLARED_SELECTOR = YES;
				GCC_WARN_UNINITIALIZED_AUTOS = YES_AGGRESSIVE;
				GCC_WARN_UNUSED_FUNCTION = YES;
				GCC_WARN_UNUSED_VARIABLE = YES;
				IPHONEOS_DEPLOYMENT_TARGET = 17.0;
				LOCALIZATION_PREFERS_STRING_CATALOGS = YES;
				MTL_ENABLE_DEBUG_INFO = INCLUDE_SOURCE;
				MTL_FAST_MATH = YES;
				ONLY_ACTIVE_ARCH = YES;
				SDKROOT = iphoneos;
				SWIFT_ACTIVE_COMPILATION_CONDITIONS = "DEBUG $(inherited)";
				SWIFT_OPTIMIZATION_LEVEL = "-Onone";
			};
			name = Debug;
		};
		AB0000000000000000000002 /* Release */ = {
			isa = XCBuildConfiguration;
			buildSettings = {
				ALWAYS_SEARCH_USER_PATHS = NO;
				ASSETCATALOG_COMPILER_GENERATE_SWIFT_ASSET_SYMBOL_EXTENSIONS = YES;
				CLANG_ANALYZER_NONNULL = YES;
				CLANG_ANALYZER_NUMBER_OBJECT_CONVERSION = YES_AGGRESSIVE;
				CLANG_CXX_LANGUAGE_STANDARD = "gnu++20";
				CLANG_ENABLE_MODULES = YES;
				CLANG_ENABLE_OBJC_ARC = YES;
				CLANG_ENABLE_OBJC_WEAK = YES;
				CLANG_WARN_BLOCK_CAPTURE_AUTORELEASING = YES;
				CLANG_WARN_BOOL_CONVERSION = YES;
				CLANG_WARN_COMMA = YES;
				CLANG_WARN_CONSTANT_CONVERSION = YES;
				CLANG_WARN_DEPRECATED_OBJC_IMPLEMENTATIONS = YES;
				CLANG_WARN_DIRECT_OBJC_ISA_USAGE = YES_ERROR;
				CLANG_WARN_DOCUMENTATION_COMMENTS = YES;
				CLANG_WARN_EMPTY_BODY = YES;
				CLANG_WARN_ENUM_CONVERSION = YES;
				CLANG_WARN_INFINITE_RECURSION = YES;
				CLANG_WARN_INT_CONVERSION = YES;
				CLANG_WARN_NON_LITERAL_NULL_CONVERSION = YES;
				CLANG_WARN_OBJC_IMPLICIT_RETAIN_SELF = YES;
				CLANG_WARN_OBJC_LITERAL_CONVERSION = YES;
				CLANG_WARN_OBJC_ROOT_CLASS = YES_ERROR;
				CLANG_WARN_QUOTED_INCLUDE_IN_FRAMEWORK_HEADER = YES;
				CLANG_WARN_RANGE_LOOP_ANALYSIS = YES;
				CLANG_WARN_STRICT_PROTOTYPES = YES;
				CLANG_WARN_SUSPICIOUS_MOVE = YES;
				CLANG_WARN_UNGUARDED_AVAILABILITY = YES_AGGRESSIVE;
				CLANG_WARN_UNREACHABLE_CODE = YES;
				CLANG_WARN__DUPLICATE_METHOD_MATCH = YES;
				COPY_PHASE_STRIP = NO;
				DEBUG_INFORMATION_FORMAT = "dwarf-with-dsym";
				DEVELOPMENT_TEAM = "";
				ENABLE_NS_ASSERTIONS = NO;
				ENABLE_STRICT_OBJC_MSGSEND = YES;
				ENABLE_USER_SCRIPT_SANDBOXING = YES;
				GCC_C_LANGUAGE_STANDARD = gnu17;
				GCC_NO_COMMON_BLOCKS = YES;
				GCC_WARN_64_TO_32_BIT_CONVERSION = YES;
				GCC_WARN_ABOUT_RETURN_TYPE = YES_ERROR;
				GCC_WARN_UNDECLARED_SELECTOR = YES;
				GCC_WARN_UNINITIALIZED_AUTOS = YES_AGGRESSIVE;
				GCC_WARN_UNUSED_FUNCTION = YES;
				GCC_WARN_UNUSED_VARIABLE = YES;
				IPHONEOS_DEPLOYMENT_TARGET = 17.0;
				LOCALIZATION_PREFERS_STRING_CATALOGS = YES;
				MTL_ENABLE_DEBUG_INFO = NO;
				MTL_FAST_MATH = YES;
				SDKROOT = iphoneos;
				SWIFT_COMPILATION_MODE = wholemodule;
				VALIDATE_PRODUCT = YES;
			};
			name = Release;
		};
		AB0000000000000000000003 /* Debug */ = {
			isa = XCBuildConfiguration;
			buildSettings = {
				ASSETCATALOG_COMPILER_APPICON_NAME = AppIcon;
				CODE_SIGN_ENTITLEMENTS = Couch5K/Couch5K.entitlements;
				CODE_SIGN_IDENTITY = "Apple Development";
				CODE_SIGN_STYLE = Automatic;
				CURRENT_PROJECT_VERSION = 1;
				DEVELOPMENT_TEAM = CD5L52Y9AB;
				GENERATE_INFOPLIST_FILE = NO;
				INFOPLIST_FILE = Couch5K/Info.plist;
				INFOPLIST_KEY_CFBundleDisplayName = "Couch 5K";
				INFOPLIST_KEY_LSApplicationCategoryType = "public.app-category.healthcare-fitness";
				INFOPLIST_KEY_NSHealthShareUsageDescription = "用于读取与你跑步训练相关的健康数据。";
				INFOPLIST_KEY_NSHealthUpdateUsageDescription = "用于将完成的跑步训练、距离和路线保存到健康 App。";
				INFOPLIST_KEY_NSLocationWhenInUseUsageDescription = "用于在训练时记录跑步距离、配速和路线。";
				INFOPLIST_KEY_UIApplicationSceneManifest_Generation = YES;
				INFOPLIST_KEY_UIApplicationSupportsIndirectInputEvents = YES;
				INFOPLIST_KEY_UIBackgroundModes = "audio location";
				INFOPLIST_KEY_UILaunchScreen_Generation = YES;
				INFOPLIST_KEY_UISupportedInterfaceOrientations_iPhone = UIInterfaceOrientationPortrait;
				IPHONEOS_DEPLOYMENT_TARGET = 17.0;
				MARKETING_VERSION = 1.0;
				PRODUCT_BUNDLE_IDENTIFIER = com.Rock.Couch5K;
				PRODUCT_NAME = "$(TARGET_NAME)";
				PROVISIONING_PROFILE_SPECIFIER = "";
				SUPPORTED_PLATFORMS = "iphoneos iphonesimulator";
				SUPPORTS_MACCATALYST = NO;
				SWIFT_EMIT_LOC_STRINGS = YES;
				SWIFT_VERSION = 6.0;
				TARGETED_DEVICE_FAMILY = 1;
			};
			name = Debug;
		};
		AB0000000000000000000004 /* Release */ = {
			isa = XCBuildConfiguration;
			buildSettings = {
				ASSETCATALOG_COMPILER_APPICON_NAME = AppIcon;
				CODE_SIGN_ENTITLEMENTS = Couch5K/Couch5K.entitlements;
				CODE_SIGN_IDENTITY = "Apple Development";
				CODE_SIGN_STYLE = Automatic;
				CURRENT_PROJECT_VERSION = 1;
				DEVELOPMENT_TEAM = CD5L52Y9AB;
				GENERATE_INFOPLIST_FILE = NO;
				INFOPLIST_FILE = Couch5K/Info.plist;
				INFOPLIST_KEY_CFBundleDisplayName = "Couch 5K";
				INFOPLIST_KEY_LSApplicationCategoryType = "public.app-category.healthcare-fitness";
				INFOPLIST_KEY_NSHealthShareUsageDescription = "用于读取与你跑步训练相关的健康数据。";
				INFOPLIST_KEY_NSHealthUpdateUsageDescription = "用于将完成的跑步训练、距离和路线保存到健康 App。";
				INFOPLIST_KEY_NSLocationWhenInUseUsageDescription = "用于在训练时记录跑步距离、配速和路线。";
				INFOPLIST_KEY_UIApplicationSceneManifest_Generation = YES;
				INFOPLIST_KEY_UIApplicationSupportsIndirectInputEvents = YES;
				INFOPLIST_KEY_UIBackgroundModes = "audio location";
				INFOPLIST_KEY_UILaunchScreen_Generation = YES;
				INFOPLIST_KEY_UISupportedInterfaceOrientations_iPhone = UIInterfaceOrientationPortrait;
				IPHONEOS_DEPLOYMENT_TARGET = 17.0;
				MARKETING_VERSION = 1.0;
				PRODUCT_BUNDLE_IDENTIFIER = com.Rock.Couch5K;
				PRODUCT_NAME = "$(TARGET_NAME)";
				PROVISIONING_PROFILE_SPECIFIER = "";
				SUPPORTED_PLATFORMS = "iphoneos iphonesimulator";
				SUPPORTS_MACCATALYST = NO;
				SWIFT_EMIT_LOC_STRINGS = YES;
				SWIFT_VERSION = 6.0;
				TARGETED_DEVICE_FAMILY = 1;
			};
			name = Release;
		};
		AB0000000000000000000005 /* Debug */ = {
			isa = XCBuildConfiguration;
			buildSettings = {
				BUNDLE_LOADER = "$(TEST_HOST)";
				CODE_SIGN_STYLE = Automatic;
				CURRENT_PROJECT_VERSION = 1;
				GENERATE_INFOPLIST_FILE = YES;
				IPHONEOS_DEPLOYMENT_TARGET = 17.0;
				MARKETING_VERSION = 1.0;
				PRODUCT_BUNDLE_IDENTIFIER = com.ellie.Couch5KTests;
				PRODUCT_NAME = "$(TARGET_NAME)";
				SUPPORTED_PLATFORMS = "iphoneos iphonesimulator";
				SWIFT_VERSION = 6.0;
				TARGETED_DEVICE_FAMILY = 1;
				TEST_HOST = "$(BUILT_PRODUCTS_DIR)/Couch5K.app/$(BUNDLE_EXECUTABLE_FOLDER_PATH)/Couch5K";
			};
			name = Debug;
		};
		AB0000000000000000000006 /* Release */ = {
			isa = XCBuildConfiguration;
			buildSettings = {
				BUNDLE_LOADER = "$(TEST_HOST)";
				CODE_SIGN_STYLE = Automatic;
				CURRENT_PROJECT_VERSION = 1;
				GENERATE_INFOPLIST_FILE = YES;
				IPHONEOS_DEPLOYMENT_TARGET = 17.0;
				MARKETING_VERSION = 1.0;
				PRODUCT_BUNDLE_IDENTIFIER = com.ellie.Couch5KTests;
				PRODUCT_NAME = "$(TARGET_NAME)";
				SUPPORTED_PLATFORMS = "iphoneos iphonesimulator";
				SWIFT_VERSION = 6.0;
				TARGETED_DEVICE_FAMILY = 1;
				TEST_HOST = "$(BUILT_PRODUCTS_DIR)/Couch5K.app/$(BUNDLE_EXECUTABLE_FOLDER_PATH)/Couch5K";
			};
			name = Release;
		};
		AB0000000000000000000007 /* Debug */ = {
			isa = XCBuildConfiguration;
			buildSettings = {
				ASSETCATALOG_COMPILER_APPICON_NAME = AppIcon;
				CODE_SIGN_ENTITLEMENTS = Couch5KWatch/Couch5KWatch.entitlements;
				CODE_SIGN_IDENTITY = "Apple Development";
				CODE_SIGN_STYLE = Automatic;
				CURRENT_PROJECT_VERSION = 1;
				DEVELOPMENT_TEAM = CD5L52Y9AB;
				ENTITLEMENTS_ALLOWED = YES;
				GENERATE_INFOPLIST_FILE = YES;
				INFOPLIST_KEY_CFBundleDisplayName = "Couch 5K";
				INFOPLIST_KEY_NSHealthShareUsageDescription = "用于读取手表记录的跑步训练数据。";
				INFOPLIST_KEY_NSHealthUpdateUsageDescription = "用于在手表上记录跑步训练。";
				INFOPLIST_KEY_WKApplication = YES;
				INFOPLIST_KEY_WKCompanionAppBundleIdentifier = com.Rock.Couch5K;
				MARKETING_VERSION = 1.0;
				PRODUCT_BUNDLE_IDENTIFIER = com.Rock.Couch5K.watchkitapp;
				PRODUCT_NAME = "$(TARGET_NAME)";
				PROVISIONING_PROFILE_SPECIFIER = "";
				SDKROOT = watchos;
				SKIP_INSTALL = YES;
				SWIFT_VERSION = 6.0;
				TARGETED_DEVICE_FAMILY = 4;
				WATCHOS_DEPLOYMENT_TARGET = 10.0;
			};
			name = Debug;
		};
		AB0000000000000000000008 /* Release */ = {
			isa = XCBuildConfiguration;
			buildSettings = {
				ASSETCATALOG_COMPILER_APPICON_NAME = AppIcon;
				CODE_SIGN_ENTITLEMENTS = Couch5KWatch/Couch5KWatch.entitlements;
				CODE_SIGN_IDENTITY = "Apple Development";
				CODE_SIGN_STYLE = Automatic;
				CURRENT_PROJECT_VERSION = 1;
				DEVELOPMENT_TEAM = CD5L52Y9AB;
				ENTITLEMENTS_ALLOWED = YES;
				GENERATE_INFOPLIST_FILE = YES;
				INFOPLIST_KEY_CFBundleDisplayName = "Couch 5K";
				INFOPLIST_KEY_NSHealthShareUsageDescription = "用于读取手表记录的跑步训练数据。";
				INFOPLIST_KEY_NSHealthUpdateUsageDescription = "用于在手表上记录跑步训练。";
				INFOPLIST_KEY_WKApplication = YES;
				INFOPLIST_KEY_WKCompanionAppBundleIdentifier = com.Rock.Couch5K;
				MARKETING_VERSION = 1.0;
				PRODUCT_BUNDLE_IDENTIFIER = com.Rock.Couch5K.watchkitapp;
				PRODUCT_NAME = "$(TARGET_NAME)";
				PROVISIONING_PROFILE_SPECIFIER = "";
				SDKROOT = watchos;
				SKIP_INSTALL = YES;
				SWIFT_VERSION = 6.0;
				TARGETED_DEVICE_FAMILY = 4;
				WATCHOS_DEPLOYMENT_TARGET = 10.0;
			};
			name = Release;
		};
/* End XCBuildConfiguration section */

/* Begin XCConfigurationList section */
		A80000000000000000000001 /* Build configuration list for PBXNativeTarget "Couch5K" */ = {
			isa = XCConfigurationList;
			buildConfigurations = (
				AB0000000000000000000003 /* Debug */,
				AB0000000000000000000004 /* Release */,
			);
			defaultConfigurationIsVisible = 0;
			defaultConfigurationName = Release;
		};
		A80000000000000000000002 /* Build configuration list for PBXNativeTarget "Couch5KTests" */ = {
			isa = XCConfigurationList;
			buildConfigurations = (
				AB0000000000000000000005 /* Debug */,
				AB0000000000000000000006 /* Release */,
			);
			defaultConfigurationIsVisible = 0;
			defaultConfigurationName = Release;
		};
		A80000000000000000000003 /* Build configuration list for PBXProject "Couch5K" */ = {
			isa = XCConfigurationList;
			buildConfigurations = (
				AB0000000000000000000001 /* Debug */,
				AB0000000000000000000002 /* Release */,
			);
			defaultConfigurationIsVisible = 0;
			defaultConfigurationName = Release;
		};
		A80000000000000000000004 /* Build configuration list for PBXNativeTarget "Couch5K Watch App" */ = {
			isa = XCConfigurationList;
			buildConfigurations = (
				AB0000000000000000000007 /* Debug */,
				AB0000000000000000000008 /* Release */,
			);
			defaultConfigurationIsVisible = 0;
			defaultConfigurationName = Release;
		};
/* End XCConfigurationList section */
	};
	rootObject = A40000000000000000000001 /* Project object */;
}
